<Solution>
  <Folder Name="/Infra/">
    <Project Path="../SistemaVendas.Infra.Data.Ef/SistemaVendas.Infra.Data.Ef.csproj" Id="c25a174a-c8dc-49e0-9f45-8ced5007b6b9" />
    <Project Path="../SistemaVendas.Infra.Data.Odbc.Sql/SistemaVendas.Infra.Data.Odbc.Sql.csproj" Id="cffdb64a-4a3d-4875-ac8e-de99c9671ac4" />
  </Folder>
  <Folder Name="/Tests/">
    <Project Path="../SistemaVendas.TestesIntegracao/SistemaVendas.TestesIntegracao.csproj" Id="515adbdc-87bd-40aa-873e-cb701492ebdd" />
    <Project Path="../SistemaVendas.TestesUnidade/SistemaVendas.TestesUnidade.csproj" Id="bbe67185-c924-4eb6-8f23-88867b085317" />
  </Folder>
  <Project Path="../SistemaVendas.Dominio/SistemaVendas.Dominio.csproj" Id="6edb33d9-40b7-4ead-bccf-075765163067" />
  <Project Path="SistemaVendas.API.csproj" />
</Solution>
